
Microsoft Visual Studio Solution File, Format Version 12.00
# Visual Studio 14
VisualStudioVersion = 14.0.25420.1
MinimumVisualStudioVersion = 10.0.40219.1
Project("{8BC9CEB8-8B4A-11D0-8D11-00A0C91BC942}") = "CriticalSectionFirst", "CriticalSectionFirst\CriticalSectionFirst.vcxproj", "{BEB396FB-1DAE-4616-AF5B-26C755973546}"
EndProject
Project("{8BC9CEB8-8B4A-11D0-8D11-00A0C91BC942}") = "CriticalSectionSecond", "CriticalSectionSecond\CriticalSectionSecond.vcxproj", "{1C6C1A38-A09A-4932-B853-85C9D5CFC85E}"
EndProject
Project("{2150E333-8FDC-42A3-9474-1A3956D46DE8}") = "Solution Items", "Solution Items", "{249F959F-1FD8-46B1-BB29-B364950C5668}"
	ProjectSection(SolutionItems) = preProject
		SharedMemoryFile.txt = SharedMemoryFile.txt
	EndProjectSection
EndProject
Global
	GlobalSection(SolutionConfigurationPlatforms) = preSolution
		Debug|x64 = Debug|x64
		Debug|x86 = Debug|x86
		Release|x64 = Release|x64
		Release|x86 = Release|x86
	EndGlobalSection
	GlobalSection(ProjectConfigurationPlatforms) = postSolution
		{BEB396FB-1DAE-4616-AF5B-26C755973546}.Debug|x64.ActiveCfg = Debug|x64
		{BEB396FB-1DAE-4616-AF5B-26C755973546}.Debug|x64.Build.0 = Debug|x64
		{BEB396FB-1DAE-4616-AF5B-26C755973546}.Debug|x86.ActiveCfg = Debug|Win32
		{BEB396FB-1DAE-4616-AF5B-26C755973546}.Debug|x86.Build.0 = Debug|Win32
		{BEB396FB-1DAE-4616-AF5B-26C755973546}.Release|x64.ActiveCfg = Release|x64
		{BEB396FB-1DAE-4616-AF5B-26C755973546}.Release|x64.Build.0 = Release|x64
		{BEB396FB-1DAE-4616-AF5B-26C755973546}.Release|x86.ActiveCfg = Release|Win32
		{BEB396FB-1DAE-4616-AF5B-26C755973546}.Release|x86.Build.0 = Release|Win32
		{1C6C1A38-A09A-4932-B853-85C9D5CFC85E}.Debug|x64.ActiveCfg = Debug|x64
		{1C6C1A38-A09A-4932-B853-85C9D5CFC85E}.Debug|x64.Build.0 = Debug|x64
		{1C6C1A38-A09A-4932-B853-85C9D5CFC85E}.Debug|x86.ActiveCfg = Debug|Win32
		{1C6C1A38-A09A-4932-B853-85C9D5CFC85E}.Debug|x86.Build.0 = Debug|Win32
		{1C6C1A38-A09A-4932-B853-85C9D5CFC85E}.Release|x64.ActiveCfg = Release|x64
		{1C6C1A38-A09A-4932-B853-85C9D5CFC85E}.Release|x64.Build.0 = Release|x64
		{1C6C1A38-A09A-4932-B853-85C9D5CFC85E}.Release|x86.ActiveCfg = Release|Win32
		{1C6C1A38-A09A-4932-B853-85C9D5CFC85E}.Release|x86.Build.0 = Release|Win32
	EndGlobalSection
	GlobalSection(SolutionProperties) = preSolution
		HideSolutionNode = FALSE
	EndGlobalSection
EndGlobal
